
Microsoft Visual Studio Solution File, Format Version 12.00
# Visual Studio Version 16
VisualStudioVersion = 16.0.31702.278
MinimumVisualStudioVersion = 10.0.40219.1
Project("{9A19103F-16F7-4668-BE54-9A1E7A4F7556}") = "Targil0", "Targil0\Targil0.csproj", "{C6FC8989-CC13-4C63-BC7D-0CBE39D73C13}"
EndProject
Project("{2150E333-8FDC-42A3-9474-1A3956D46DE8}") = "Solution Items", "Solution Items", "{EC7CB6A0-7552-4818-A109-DE9E1C4DBAE1}"
	ProjectSection(SolutionItems) = preProject
		README.md = README.md
	EndProjectSection
EndProject
Project("{2150E333-8FDC-42A3-9474-1A3956D46DE8}") = "Solution Items (2)", "Solution Items (2)", "{6517CB3E-8178-43C2-B212-4C68F51BE2B1}"
	ProjectSection(SolutionItems) = preProject
		README.md = README.md
	EndProjectSection
EndProject
Project("{9A19103F-16F7-4668-BE54-9A1E7A4F7556}") = "ConsoleUI", "ConsoleUI\ConsoleUI.csproj", "{108EBE2B-212E-45A8-B7A7-304104BD874B}"
EndProject
Project("{9A19103F-16F7-4668-BE54-9A1E7A4F7556}") = "DAL", "DAL\DAL.csproj", "{8CB9FA3D-A41E-43BE-A467-A6BF098BE6ED}"
EndProject
Project("{9A19103F-16F7-4668-BE54-9A1E7A4F7556}") = "BL", "BL\BL.csproj", "{4665F17F-A7FD-4659-8171-D24FB1B593A3}"
EndProject
Project("{9A19103F-16F7-4668-BE54-9A1E7A4F7556}") = "ConsoleUI_BL", "ConsoleUI_BL\ConsoleUI_BL.csproj", "{3639DD5B-96DA-4A1F-BA00-3F4E2F0039C9}"
EndProject
Project("{9A19103F-16F7-4668-BE54-9A1E7A4F7556}") = "PL", "PL\PL.csproj", "{25F183E0-B8D0-42C5-8275-EB20BE0FB04D}"
EndProject
Global
	GlobalSection(SolutionConfigurationPlatforms) = preSolution
		Debug|Any CPU = Debug|Any CPU
		Release|Any CPU = Release|Any CPU
	EndGlobalSection
	GlobalSection(ProjectConfigurationPlatforms) = postSolution
		{C6FC8989-CC13-4C63-BC7D-0CBE39D73C13}.Debug|Any CPU.ActiveCfg = Debug|Any CPU
		{C6FC8989-CC13-4C63-BC7D-0CBE39D73C13}.Debug|Any CPU.Build.0 = Debug|Any CPU
		{C6FC8989-CC13-4C63-BC7D-0CBE39D73C13}.Release|Any CPU.ActiveCfg = Release|Any CPU
		{C6FC8989-CC13-4C63-BC7D-0CBE39D73C13}.Release|Any CPU.Build.0 = Release|Any CPU
		{108EBE2B-212E-45A8-B7A7-304104BD874B}.Debug|Any CPU.ActiveCfg = Debug|Any CPU
		{108EBE2B-212E-45A8-B7A7-304104BD874B}.Debug|Any CPU.Build.0 = Debug|Any CPU
		{108EBE2B-212E-45A8-B7A7-304104BD874B}.Release|Any CPU.ActiveCfg = Release|Any CPU
		{108EBE2B-212E-45A8-B7A7-304104BD874B}.Release|Any CPU.Build.0 = Release|Any CPU
		{8CB9FA3D-A41E-43BE-A467-A6BF098BE6ED}.Debug|Any CPU.ActiveCfg = Debug|Any CPU
		{8CB9FA3D-A41E-43BE-A467-A6BF098BE6ED}.Debug|Any CPU.Build.0 = Debug|Any CPU
		{8CB9FA3D-A41E-43BE-A467-A6BF098BE6ED}.Release|Any CPU.ActiveCfg = Release|Any CPU
		{8CB9FA3D-A41E-43BE-A467-A6BF098BE6ED}.Release|Any CPU.Build.0 = Release|Any CPU
		{4665F17F-A7FD-4659-8171-D24FB1B593A3}.Debug|Any CPU.ActiveCfg = Debug|Any CPU
		{4665F17F-A7FD-4659-8171-D24FB1B593A3}.Debug|Any CPU.Build.0 = Debug|Any CPU
		{4665F17F-A7FD-4659-8171-D24FB1B593A3}.Release|Any CPU.ActiveCfg = Release|Any CPU
		{4665F17F-A7FD-4659-8171-D24FB1B593A3}.Release|Any CPU.Build.0 = Release|Any CPU
		{3639DD5B-96DA-4A1F-BA00-3F4E2F0039C9}.Debug|Any CPU.ActiveCfg = Debug|Any CPU
		{3639DD5B-96DA-4A1F-BA00-3F4E2F0039C9}.Debug|Any CPU.Build.0 = Debug|Any CPU
		{3639DD5B-96DA-4A1F-BA00-3F4E2F0039C9}.Release|Any CPU.ActiveCfg = Release|Any CPU
		{3639DD5B-96DA-4A1F-BA00-3F4E2F0039C9}.Release|Any CPU.Build.0 = Release|Any CPU
		{25F183E0-B8D0-42C5-8275-EB20BE0FB04D}.Debug|Any CPU.ActiveCfg = Debug|Any CPU
		{25F183E0-B8D0-42C5-8275-EB20BE0FB04D}.Debug|Any CPU.Build.0 = Debug|Any CPU
		{25F183E0-B8D0-42C5-8275-EB20BE0FB04D}.Release|Any CPU.ActiveCfg = Release|Any CPU
		{25F183E0-B8D0-42C5-8275-EB20BE0FB04D}.Release|Any CPU.Build.0 = Release|Any CPU
	EndGlobalSection
	GlobalSection(SolutionProperties) = preSolution
		HideSolutionNode = FALSE
	EndGlobalSection
	GlobalSection(ExtensibilityGlobals) = postSolution
		SolutionGuid = {953B741A-E50F-45D3-863C-8434FC44266E}
	EndGlobalSection
EndGlobal
